lock_version: 1
resolved_at: "2026-07-29"
authority: "Exact commit SHAs below are authoritative; branch names are descriptive only."

profiles:
  current_release:
    description: "Current remote release heads resolved on 2026-07-29."
    repositories:
      moseq2-extract:
        url: "https://github.com/Ctrl-Alt-Karma/moseq2-extract.git"
        branch: "release"
        sha: "424d643affb685e1cad145e3c7051b814d11265c"
        package_version: "1.2.0"
        pr_number: null
        status: "current release; no candidate changes included"
        provenance:
          record_path: "metadata/extraction/pipeline"
          output_policies:
            scalar_px_to_mm: "pinhole"
            area_units: "mm2-xy-product"
            background_dropout: "masked"
            roi_plane_fit: "lstsq-inlier-refit"
            hampel_filter: "mad-threshold-both-axes"
            depth_range_detection: "histogram-mode"
          velocity_3d_px: "still emitted; no omission policy at this SHA"

      moseq2-pca:
        url: "https://github.com/Ctrl-Alt-Karma/moseq2-pca.git"
        branch: "release"
        sha: "efb6fcfa5d5af5bb4274540c371d0ddf96440b78"
        package_version: "1.2.0"
        pr_number: null
        status: "current release"
        provenance:
          record_path: "metadata/pipeline"
          output_policies:
            gaussian_kernel: "symmetric-odd"
            changepoint_sigma_arg: "std"
            changepoint_edge_mask: "conditional"
            fps_estimator: "median-interval"
            whitening: "train-only"

      moseq2-model:
        url: "https://github.com/Ctrl-Alt-Karma/moseq2-model.git"
        branch: "release"
        sha: "6e542e3f1db125202d42b59f390c922281e64f39"
        package_version: "1.2.0"
        pr_number: null
        status: "current release"
        provenance:
          record_location: "pipeline_provenance key in serialized model result"
          output_policies:
            sampler_seeding: "explicit-seed"
            training_split: "disjoint-prefix"
            whitening: "train-only"
            keys_semantics: "train-list-indexed"
            separate_trans_sessions: "no-drop"
            ar_regularization: "prior-only"

      moseq2-viz:
        url: "https://github.com/Ctrl-Alt-Karma/moseq2-viz.git"
        branch: "release"
        sha: "68ca6a34055987ff22f8651b4dca2aa254380c87"
        package_version: "1.3.0"
        pr_number: null
        status: "current release"
        provenance:
          output_policies: {}
          enforcement: "No scalar-pooling provenance gate discovered at this SHA."
          scalar_conversion: "release implementation uses the pre-candidate conversion behavior"

      moseq2-app:
        url: "https://github.com/Ctrl-Alt-Karma/moseq2-app.git"
        branch: "release"
        sha: "36d40e098a5c4629116b7a4e233573218345bd5d"
        package_version: "1.3.1"
        source_version_literal: "v1.3.1"
        pr_number: null
        status: "current release"
        provenance:
          flip_processing_record: null
          legacy_latch: "root HDF5 attribute flip_classifier_applied, written true only after processing"

  candidate_drafts:
    description: "Three replacement draft heads plus unchanged current release SHAs for PCA and model."
    repositories:
      moseq2-extract:
        url: "https://github.com/Ctrl-Alt-Karma/moseq2-extract.git"
        branch: "agent/repair-velocity-scalars"
        sha: "e7f585104ba25b66e5326c88c77a47e33db95635"
        package_version: "1.2.0"
        pr_number: 6
        status: "draft, open, unmerged; supplemental-audit repair committed 2026-07-29"
        provenance:
          record_path: "metadata/extraction/pipeline"
          output_policies:
            scalar_px_to_mm: "pinhole"
            area_units: "mm2-xy-product"
            background_dropout: "masked"
            roi_plane_fit: "lstsq-inlier-refit"
            hampel_filter: "mad-threshold-both-axes"
            depth_range_detection: "histogram-mode"
            velocity_3d_px: "invalid-mixed-units-omitted"

      moseq2-pca:
        url: "https://github.com/Ctrl-Alt-Karma/moseq2-pca.git"
        branch: "release"
        sha: "efb6fcfa5d5af5bb4274540c371d0ddf96440b78"
        package_version: "1.2.0"
        pr_number: null
        status: "unchanged release used by candidate profile"
        provenance:
          record_path: "metadata/pipeline"
          output_policies:
            gaussian_kernel: "symmetric-odd"
            changepoint_sigma_arg: "std"
            changepoint_edge_mask: "conditional"
            fps_estimator: "median-interval"
            whitening: "train-only"

      moseq2-model:
        url: "https://github.com/Ctrl-Alt-Karma/moseq2-model.git"
        branch: "release"
        sha: "6e542e3f1db125202d42b59f390c922281e64f39"
        package_version: "1.2.0"
        pr_number: null
        status: "unchanged release used by candidate profile"
        provenance:
          record_location: "pipeline_provenance key in serialized model result"
          output_policies:
            sampler_seeding: "explicit-seed"
            training_split: "disjoint-prefix"
            whitening: "train-only"
            keys_semantics: "train-list-indexed"
            separate_trans_sessions: "no-drop"
            ar_regularization: "prior-only"

      moseq2-viz:
        url: "https://github.com/Ctrl-Alt-Karma/moseq2-viz.git"
        branch: "agent/repair-pinhole-provenance"
        sha: "b80192dc20353bf77c36610f315543b57afa908c"
        package_version: "1.3.0"
        pr_number: 5
        status: "draft, open, unmerged; supplemental-audit repair committed 2026-07-29"
        provenance:
          required_scalar_pooling_policies:
            - "scalar_px_to_mm"
            - "area_units"
            - "background_dropout"
            - "roi_plane_fit"
            - "hampel_filter"
            - "depth_range_detection"
            - "velocity_3d_px"
            - "flip_correction"
          provenance_paths:
            - "metadata/extraction/pipeline"
            - "metadata/pipeline"
          enforcement: "corrupt/conflicting records hard-fail; app flip state is compared even for unstamped files; same-package policy conflicts and stamped/unstamped mixes fail; all-unstamped warns; cross-package compatibility is not claimed"
          deprecated_scalar_policy: "velocity_3d_px is dropped from legacy loads and rejected by public scalar selectors"

      moseq2-app:
        url: "https://github.com/Ctrl-Alt-Karma/moseq2-app.git"
        branch: "agent/repair-flip-processing-journal"
        sha: "e0b85201226d03e15944473a734f71417698c31e"
        package_version: "1.3.1"
        source_version_literal: "v1.3.1"
        pr_number: 5
        status: "draft, open, unmerged; supplemental-audit repair committed 2026-07-29"
        provenance:
          flip_processing_record: "metadata/processing/flip_classifier"
          journal_record: "metadata/processing/flip_classifier_journal"
          flushed_update_sentinel: "flip_classifier_record_update_in_progress"
          legacy_latch: "flip_classifier_applied remains true for in_progress, failed, and complete states"
          extraction_flip_precondition: "refuse app correction when metadata/extraction/flips exists"
          durability_boundary: "process-death fail-closed after HDF5/OS flush; no power-loss or fsync claim"
